
Microsoft Visual Studio Solution File, Format Version 12.00
# Visual Studio Version 17
VisualStudioVersion = 17.1.32407.343
MinimumVisualStudioVersion = 10.0.40219.1
Project("{FAE04EC0-301F-11D3-BF4B-00C04F79EFBC}") = "Identity3", "Identity3\Identity3.csproj", "{37DF3CE6-29D2-439F-83C6-2CD7EF9BA8BF}"
EndProject
Global
	GlobalSection(SolutionConfigurationPlatforms) = preSolution
		Debug|Any CPU = Debug|Any CPU
		Release|Any CPU = Release|Any CPU
	EndGlobalSection
	GlobalSection(ProjectConfigurationPlatforms) = postSolution
		{37DF3CE6-29D2-439F-83C6-2CD7EF9BA8BF}.Debug|Any CPU.ActiveCfg = Debug|Any CPU
		{37DF3CE6-29D2-439F-83C6-2CD7EF9BA8BF}.Debug|Any CPU.Build.0 = Debug|Any CPU
		{37DF3CE6-29D2-439F-83C6-2CD7EF9BA8BF}.Release|Any CPU.ActiveCfg = Release|Any CPU
		{37DF3CE6-29D2-439F-83C6-2CD7EF9BA8BF}.Release|Any CPU.Build.0 = Release|Any CPU
	EndGlobalSection
	GlobalSection(SolutionProperties) = preSolution
		HideSolutionNode = FALSE
	EndGlobalSection
	GlobalSection(ExtensibilityGlobals) = postSolution
		SolutionGuid = {680FB806-F742-44CD-A4EC-C2B68B157604}
	EndGlobalSection
EndGlobal
